// !$*UTF8*$!
{
	archiveVersion = 1;
	classes = {
	};
	objectVersion = 56;
	objects = {

/* Begin PBXBuildFile section */
		5E04BA2B29A16A300096C322 /* DetailViewController.swift in Sources */ = {isa = PBXBuildFile; fileRef = 5E04BA2A29A16A300096C322 /* DetailViewController.swift */; };
		5E0B468529744EDE00412F1D /* HomeViewController.swift in Sources */ = {isa = PBXBuildFile; fileRef = 5E0B468429744EDE00412F1D /* HomeViewController.swift */; };
		5E0B468729744EFB00412F1D /* FavouriteViewController.swift in Sources */ = {isa = PBXBuildFile; fileRef = 5E0B468629744EFB00412F1D /* FavouriteViewController.swift */; };
		5E0B468929744F0D00412F1D /* SearchViewController.swift in Sources */ = {isa = PBXBuildFile; fileRef = 5E0B468829744F0D00412F1D /* SearchViewController.swift */; };
		5E24F39D2991302F0062EBB5 /* GenreCollectionViewCell.swift in Sources */ = {isa = PBXBuildFile; fileRef = 5E24F39C2991302F0062EBB5 /* GenreCollectionViewCell.swift */; };
		5E2A734329A7CF5E008EB8DB /* NetworkService.swift in Sources */ = {isa = PBXBuildFile; fileRef = 5E2A734229A7CF5E008EB8DB /* NetworkService.swift */; };
		5E45E69329918A360090726B /* MovieModels.swift in Sources */ = {isa = PBXBuildFile; fileRef = 5E45E69229918A360090726B /* MovieModels.swift */; };
		5E4CF68E2987E340006654F8 /* Authentication.swift in Sources */ = {isa = PBXBuildFile; fileRef = 5E4CF68D2987E33F006654F8 /* Authentication.swift */; };
		5E4CF6902987E497006654F8 /* AuthenticationModels.swift in Sources */ = {isa = PBXBuildFile; fileRef = 5E4CF68F2987E497006654F8 /* AuthenticationModels.swift */; };
		5E4CF6922987E570006654F8 /* AuthenticationViewModel.swift in Sources */ = {isa = PBXBuildFile; fileRef = 5E4CF6912987E570006654F8 /* AuthenticationViewModel.swift */; };
		5E4CF6942987E5D9006654F8 /* Constans.swift in Sources */ = {isa = PBXBuildFile; fileRef = 5E4CF6932987E5D9006654F8 /* Constans.swift */; };
		5E4CF6962987E695006654F8 /* AccountModels.swift in Sources */ = {isa = PBXBuildFile; fileRef = 5E4CF6952987E695006654F8 /* AccountModels.swift */; };
		5E4CF6982987FC62006654F8 /* AuthenticationViews.swift in Sources */ = {isa = PBXBuildFile; fileRef = 5E4CF6972987FC62006654F8 /* AuthenticationViews.swift */; };
		5E7B6D1C299FA3C8000DDB88 /* MovieViewModel.swift in Sources */ = {isa = PBXBuildFile; fileRef = 5E7B6D1B299FA3C8000DDB88 /* MovieViewModel.swift */; };
		5E92780D297320F3004020D6 /* AppDelegate.swift in Sources */ = {isa = PBXBuildFile; fileRef = 5E92780C297320F3004020D6 /* AppDelegate.swift */; };
		5E92780F297320F3004020D6 /* SceneDelegate.swift in Sources */ = {isa = PBXBuildFile; fileRef = 5E92780E297320F3004020D6 /* SceneDelegate.swift */; };
		5E927811297320F3004020D6 /* MainTabBarViewController.swift in Sources */ = {isa = PBXBuildFile; fileRef = 5E927810297320F3004020D6 /* MainTabBarViewController.swift */; };
		5E927814297320F3004020D6 /* Main.storyboard in Resources */ = {isa = PBXBuildFile; fileRef = 5E927812297320F3004020D6 /* Main.storyboard */; };
		5E927816297320F4004020D6 /* Assets.xcassets in Resources */ = {isa = PBXBuildFile; fileRef = 5E927815297320F4004020D6 /* Assets.xcassets */; };
		5E927819297320F4004020D6 /* LaunchScreen.storyboard in Resources */ = {isa = PBXBuildFile; fileRef = 5E927817297320F4004020D6 /* LaunchScreen.storyboard */; };
		5EB8F5E929A3FEFC00E30FD9 /* YoutubeModels.swift in Sources */ = {isa = PBXBuildFile; fileRef = 5EB8F5E829A3FEFC00E30FD9 /* YoutubeModels.swift */; };
		5EB8F5ED29A6AE1700E30FD9 /* MovieDetailViewModel.swift in Sources */ = {isa = PBXBuildFile; fileRef = 5EB8F5EC29A6AE1700E30FD9 /* MovieDetailViewModel.swift */; };
		5EBA82622992E10F004D0F64 /* CollectionTableViewCell.swift in Sources */ = {isa = PBXBuildFile; fileRef = 5EBA82612992E10F004D0F64 /* CollectionTableViewCell.swift */; };
		5EF0354029A0F1D2001AE0C7 /* SearchCollectionViewCell.swift in Sources */ = {isa = PBXBuildFile; fileRef = 5EF0353F29A0F1D2001AE0C7 /* SearchCollectionViewCell.swift */; };
		5EF1A9AA29952A7D006FEA09 /* Podfile in Resources */ = {isa = PBXBuildFile; fileRef = 5EF1A9A929952A7D006FEA09 /* Podfile */; };
		687E87CEB7EBD2AB987B1389 /* Pods_CineClips.framework in Frameworks */ = {isa = PBXBuildFile; fileRef = 9334847F27B1826625E01C92 /* Pods_CineClips.framework */; };
/* End PBXBuildFile section */

/* Begin PBXFileReference section */
		0E5EABAD61B2740F6A67C5F5 /* Pods-CineClips.release.xcconfig */ = {isa = PBXFileReference; includeInIndex = 1; lastKnownFileType = text.xcconfig; name = "Pods-CineClips.release.xcconfig"; path = "Target Support Files/Pods-CineClips/Pods-CineClips.release.xcconfig"; sourceTree = "<group>"; };
		5E04BA2A29A16A300096C322 /* DetailViewController.swift */ = {isa = PBXFileReference; lastKnownFileType = sourcecode.swift; path = DetailViewController.swift; sourceTree = "<group>"; };
		5E0B468429744EDE00412F1D /* HomeViewController.swift */ = {isa = PBXFileReference; lastKnownFileType = sourcecode.swift; path = HomeViewController.swift; sourceTree = "<group>"; };
		5E0B468629744EFB00412F1D /* FavouriteViewController.swift */ = {isa = PBXFileReference; lastKnownFileType = sourcecode.swift; path = FavouriteViewController.swift; sourceTree = "<group>"; };
		5E0B468829744F0D00412F1D /* SearchViewController.swift */ = {isa = PBXFileReference; lastKnownFileType = sourcecode.swift; path = SearchViewController.swift; sourceTree = "<group>"; };
		5E24F39C2991302F0062EBB5 /* GenreCollectionViewCell.swift */ = {isa = PBXFileReference; lastKnownFileType = sourcecode.swift; path = GenreCollectionViewCell.swift; sourceTree = "<group>"; };
		5E2A734229A7CF5E008EB8DB /* NetworkService.swift */ = {isa = PBXFileReference; lastKnownFileType = sourcecode.swift; path = NetworkService.swift; sourceTree = "<group>"; };
		5E45E69229918A360090726B /* MovieModels.swift */ = {isa = PBXFileReference; lastKnownFileType = sourcecode.swift; path = MovieModels.swift; sourceTree = "<group>"; };
		5E4CF68D2987E33F006654F8 /* Authentication.swift */ = {isa = PBXFileReference; lastKnownFileType = sourcecode.swift; path = Authentication.swift; sourceTree = "<group>"; };
		5E4CF68F2987E497006654F8 /* AuthenticationModels.swift */ = {isa = PBXFileReference; lastKnownFileType = sourcecode.swift; path = AuthenticationModels.swift; sourceTree = "<group>"; };
		5E4CF6912987E570006654F8 /* AuthenticationViewModel.swift */ = {isa = PBXFileReference; lastKnownFileType = sourcecode.swift; path = AuthenticationViewModel.swift; sourceTree = "<group>"; };
		5E4CF6932987E5D9006654F8 /* Constans.swift */ = {isa = PBXFileReference; lastKnownFileType = sourcecode.swift; path = Constans.swift; sourceTree = "<group>"; };
		5E4CF6952987E695006654F8 /* AccountModels.swift */ = {isa = PBXFileReference; lastKnownFileType = sourcecode.swift; path = AccountModels.swift; sourceTree = "<group>"; };
		5E4CF6972987FC62006654F8 /* AuthenticationViews.swift */ = {isa = PBXFileReference; lastKnownFileType = sourcecode.swift; path = AuthenticationViews.swift; sourceTree = "<group>"; };
		5E7B6D1B299FA3C8000DDB88 /* MovieViewModel.swift */ = {isa = PBXFileReference; lastKnownFileType = sourcecode.swift; path = MovieViewModel.swift; sourceTree = "<group>"; };
		5E927809297320F3004020D6 /* CineClips.app */ = {isa = PBXFileReference; explicitFileType = wrapper.application; includeInIndex = 0; path = CineClips.app; sourceTree = BUILT_PRODUCTS_DIR; };
		5E92780C297320F3004020D6 /* AppDelegate.swift */ = {isa = PBXFileReference; lastKnownFileType = sourcecode.swift; path = AppDelegate.swift; sourceTree = "<group>"; };
		5E92780E297320F3004020D6 /* SceneDelegate.swift */ = {isa = PBXFileReference; lastKnownFileType = sourcecode.swift; path = SceneDelegate.swift; sourceTree = "<group>"; };
		5E927810297320F3004020D6 /* MainTabBarViewController.swift */ = {isa = PBXFileReference; lastKnownFileType = sourcecode.swift; path = MainTabBarViewController.swift; sourceTree = "<group>"; };
		5E927813297320F3004020D6 /* Base */ = {isa = PBXFileReference; lastKnownFileType = file.storyboard; name = Base; path = Base.lproj/Main.storyboard; sourceTree = "<group>"; };
		5E927815297320F4004020D6 /* Assets.xcassets */ = {isa = PBXFileReference; lastKnownFileType = folder.assetcatalog; path = Assets.xcassets; sourceTree = "<group>"; };
		5E927818297320F4004020D6 /* Base */ = {isa = PBXFileReference; lastKnownFileType = file.storyboard; name = Base; path = Base.lproj/LaunchScreen.storyboard; sourceTree = "<group>"; };
		5E92781A297320F4004020D6 /* Info.plist */ = {isa = PBXFileReference; lastKnownFileType = text.plist.xml; path = Info.plist; sourceTree = "<group>"; };
		5EB8F5E829A3FEFC00E30FD9 /* YoutubeModels.swift */ = {isa = PBXFileReference; lastKnownFileType = sourcecode.swift; path = YoutubeModels.swift; sourceTree = "<group>"; };
		5EB8F5EC29A6AE1700E30FD9 /* MovieDetailViewModel.swift */ = {isa = PBXFileReference; lastKnownFileType = sourcecode.swift; path = MovieDetailViewModel.swift; sourceTree = "<group>"; };
		5EBA82612992E10F004D0F64 /* CollectionTableViewCell.swift */ = {isa = PBXFileReference; lastKnownFileType = sourcecode.swift; path = CollectionTableViewCell.swift; sourceTree = "<group>"; };
		5EF0353F29A0F1D2001AE0C7 /* SearchCollectionViewCell.swift */ = {isa = PBXFileReference; lastKnownFileType = sourcecode.swift; path = SearchCollectionViewCell.swift; sourceTree = "<group>"; };
		5EF1A9A929952A7D006FEA09 /* Podfile */ = {isa = PBXFileReference; fileEncoding = 4; lastKnownFileType = text; path = Podfile; sourceTree = SOURCE_ROOT; xcLanguageSpecificationIdentifier = xcode.lang.ruby; };
		9334847F27B1826625E01C92 /* Pods_CineClips.framework */ = {isa = PBXFileReference; explicitFileType = wrapper.framework; includeInIndex = 0; path = Pods_CineClips.framework; sourceTree = BUILT_PRODUCTS_DIR; };
		C505C49B57FE9C2B211AFF87 /* Pods-CineClips.debug.xcconfig */ = {isa = PBXFileReference; includeInIndex = 1; lastKnownFileType = text.xcconfig; name = "Pods-CineClips.debug.xcconfig"; path = "Target Support Files/Pods-CineClips/Pods-CineClips.debug.xcconfig"; sourceTree = "<group>"; };
/* End PBXFileReference section */

/* Begin PBXFrameworksBuildPhase section */
		5E927806297320F3004020D6 /* Frameworks */ = {
			isa = PBXFrameworksBuildPhase;
			buildActionMask = 2147483647;
			files = (
				687E87CEB7EBD2AB987B1389 /* Pods_CineClips.framework in Frameworks */,
			);
			runOnlyForDeploymentPostprocessing = 0;
		};
/* End PBXFrameworksBuildPhase section */

/* Begin PBXGroup section */
		396938EADE8A3C3A6C1D3A62 /* Frameworks */ = {
			isa = PBXGroup;
			children = (
				9334847F27B1826625E01C92 /* Pods_CineClips.framework */,
			);
			name = Frameworks;
			sourceTree = "<group>";
		};
		5E0B467F297360E000412F1D /* Controllers */ = {
			isa = PBXGroup;
			children = (
				5E0B468429744EDE00412F1D /* HomeViewController.swift */,
				5E0B468829744F0D00412F1D /* SearchViewController.swift */,
				5E0B468629744EFB00412F1D /* FavouriteViewController.swift */,
				5E04BA2A29A16A300096C322 /* DetailViewController.swift */,
				5E927810297320F3004020D6 /* MainTabBarViewController.swift */,
			);
			path = Controllers;
			sourceTree = "<group>";
		};
		5E4CF6882987E15E006654F8 /* Models */ = {
			isa = PBXGroup;
			children = (
				5E4CF68F2987E497006654F8 /* AuthenticationModels.swift */,
				5E4CF6952987E695006654F8 /* AccountModels.swift */,
				5E45E69229918A360090726B /* MovieModels.swift */,
				5EB8F5E829A3FEFC00E30FD9 /* YoutubeModels.swift */,
			);
			path = Models;
			sourceTree = "<group>";
		};
		5E4CF6892987E16A006654F8 /* Views */ = {
			isa = PBXGroup;
			children = (
				5E24F39C2991302F0062EBB5 /* GenreCollectionViewCell.swift */,
				5EBA82612992E10F004D0F64 /* CollectionTableViewCell.swift */,
				5EF0353F29A0F1D2001AE0C7 /* SearchCollectionViewCell.swift */,
				5E4CF6972987FC62006654F8 /* AuthenticationViews.swift */,
				5E927812297320F3004020D6 /* Main.storyboard */,
				5E927817297320F4004020D6 /* LaunchScreen.storyboard */,
			);
			path = Views;
			sourceTree = "<group>";
		};
		5E4CF68A2987E182006654F8 /* ViewModels */ = {
			isa = PBXGroup;
			children = (
				5E4CF6912987E570006654F8 /* AuthenticationViewModel.swift */,
				5E7B6D1B299FA3C8000DDB88 /* MovieViewModel.swift */,
				5EB8F5EC29A6AE1700E30FD9 /* MovieDetailViewModel.swift */,
			);
			path = ViewModels;
			sourceTree = "<group>";
		};
		5E4CF68B2987E195006654F8 /* Resources */ = {
			isa = PBXGroup;
			children = (
				5EF1A9A929952A7D006FEA09 /* Podfile */,
				5E92780C297320F3004020D6 /* AppDelegate.swift */,
				5E92780E297320F3004020D6 /* SceneDelegate.swift */,
				5E927815297320F4004020D6 /* Assets.xcassets */,
			);
			path = Resources;
			sourceTree = "<group>";
		};
		5E4CF68C2987E1BC006654F8 /* NetworkMenager */ = {
			isa = PBXGroup;
			children = (
				5E4CF68D2987E33F006654F8 /* Authentication.swift */,
				5E2A734229A7CF5E008EB8DB /* NetworkService.swift */,
				5E4CF6932987E5D9006654F8 /* Constans.swift */,
			);
			path = NetworkMenager;
			sourceTree = "<group>";
		};
		5E927800297320F3004020D6 = {
			isa = PBXGroup;
			children = (
				5E92780B297320F3004020D6 /* CineClips */,
				5E92780A297320F3004020D6 /* Products */,
				D17D73E27359BD14EBA0955F /* Pods */,
				396938EADE8A3C3A6C1D3A62 /* Frameworks */,
			);
			sourceTree = "<group>";
		};
		5E92780A297320F3004020D6 /* Products */ = {
			isa = PBXGroup;
			children = (
				5E927809297320F3004020D6 /* CineClips.app */,
			);
			name = Products;
			sourceTree = "<group>";
		};
		5E92780B297320F3004020D6 /* CineClips */ = {
			isa = PBXGroup;
			children = (
				5E4CF68C2987E1BC006654F8 /* NetworkMenager */,
				5E4CF6882987E15E006654F8 /* Models */,
				5E4CF6892987E16A006654F8 /* Views */,
				5E4CF68A2987E182006654F8 /* ViewModels */,
				5E0B467F297360E000412F1D /* Controllers */,
				5E92781A297320F4004020D6 /* Info.plist */,
				5E4CF68B2987E195006654F8 /* Resources */,
			);
			path = CineClips;
			sourceTree = "<group>";
		};
		D17D73E27359BD14EBA0955F /* Pods */ = {
			isa = PBXGroup;
			children = (
				C505C49B57FE9C2B211AFF87 /* Pods-CineClips.debug.xcconfig */,
				0E5EABAD61B2740F6A67C5F5 /* Pods-CineClips.release.xcconfig */,
			);
			path = Pods;
			sourceTree = "<group>";
		};
/* End PBXGroup section */

/* Begin PBXNativeTarget section */
		5E927808297320F3004020D6 /* CineClips */ = {
			isa = PBXNativeTarget;
			buildConfigurationList = 5E92781D297320F4004020D6 /* Build configuration list for PBXNativeTarget "CineClips" */;
			buildPhases = (
				878692F4A8D096E610CB55BE /* [CP] Check Pods Manifest.lock */,
				5E927805297320F3004020D6 /* Sources */,
				5E927806297320F3004020D6 /* Frameworks */,
				5E927807297320F3004020D6 /* Resources */,
				53525F92075550DDE93B22CC /* [CP] Embed Pods Frameworks */,
			);
			buildRules = (
			);
			dependencies = (
			);
			name = CineClips;
			productName = CineClips;
			productReference = 5E927809297320F3004020D6 /* CineClips.app */;
			productType = "com.apple.product-type.application";
		};
/* End PBXNativeTarget section */

/* Begin PBXProject section */
		5E927801297320F3004020D6 /* Project object */ = {
			isa = PBXProject;
			attributes = {
				BuildIndependentTargetsInParallel = 1;
				LastSwiftUpdateCheck = 1410;
				LastUpgradeCheck = 1410;
				TargetAttributes = {
					5E927808297320F3004020D6 = {
						CreatedOnToolsVersion = 14.1;
					};
				};
			};
			buildConfigurationList = 5E927804297320F3004020D6 /* Build configuration list for PBXProject "CineClips" */;
			compatibilityVersion = "Xcode 14.0";
			developmentRegion = en;
			hasScannedForEncodings = 0;
			knownRegions = (
				en,
				Base,
			);
			mainGroup = 5E927800297320F3004020D6;
			productRefGroup = 5E92780A297320F3004020D6 /* Products */;
			projectDirPath = "";
			projectRoot = "";
			targets = (
				5E927808297320F3004020D6 /* CineClips */,
			);
		};
/* End PBXProject section */

/* Begin PBXResourcesBuildPhase section */
		5E927807297320F3004020D6 /* Resources */ = {
			isa = PBXResourcesBuildPhase;
			buildActionMask = 2147483647;
			files = (
				5E927819297320F4004020D6 /* LaunchScreen.storyboard in Resources */,
				5E927816297320F4004020D6 /* Assets.xcassets in Resources */,
				5EF1A9AA29952A7D006FEA09 /* Podfile in Resources */,
				5E927814297320F3004020D6 /* Main.storyboard in Resources */,
			);
			runOnlyForDeploymentPostprocessing = 0;
		};
/* End PBXResourcesBuildPhase section */

/* Begin PBXShellScriptBuildPhase section */
		53525F92075550DDE93B22CC /* [CP] Embed Pods Frameworks */ = {
			isa = PBXShellScriptBuildPhase;
			buildActionMask = 2147483647;
			files = (
			);
			inputFileListPaths = (
				"${PODS_ROOT}/Target Support Files/Pods-CineClips/Pods-CineClips-frameworks-${CONFIGURATION}-input-files.xcfilelist",
			);
			name = "[CP] Embed Pods Frameworks";
			outputFileListPaths = (
				"${PODS_ROOT}/Target Support Files/Pods-CineClips/Pods-CineClips-frameworks-${CONFIGURATION}-output-files.xcfilelist",
			);
			runOnlyForDeploymentPostprocessing = 0;
			shellPath = /bin/sh;
			shellScript = "\"${PODS_ROOT}/Target Support Files/Pods-CineClips/Pods-CineClips-frameworks.sh\"\n";
			showEnvVarsInLog = 0;
		};
		878692F4A8D096E610CB55BE /* [CP] Check Pods Manifest.lock */ = {
			isa = PBXShellScriptBuildPhase;
			buildActionMask = 2147483647;
			files = (
			);
			inputFileListPaths = (
			);
			inputPaths = (
				"${PODS_PODFILE_DIR_PATH}/Podfile.lock",
				"${PODS_ROOT}/Manifest.lock",
			);
			name = "[CP] Check Pods Manifest.lock";
			outputFileListPaths = (
			);
			outputPaths = (
				"$(DERIVED_FILE_DIR)/Pods-CineClips-checkManifestLockResult.txt",
			);
			runOnlyForDeploymentPostprocessing = 0;
			shellPath = /bin/sh;
			shellScript = "diff \"${PODS_PODFILE_DIR_PATH}/Podfile.lock\" \"${PODS_ROOT}/Manifest.lock\" > /dev/null\nif [ $? != 0 ] ; then\n    # print error to STDERR\n    echo \"error: The sandbox is not in sync with the Podfile.lock. Run 'pod install' or update your CocoaPods installation.\" >&2\n    exit 1\nfi\n# This output is used by Xcode 'outputs' to avoid re-running this script phase.\necho \"SUCCESS\" > \"${SCRIPT_OUTPUT_FILE_0}\"\n";
			showEnvVarsInLog = 0;
		};
/* End PBXShellScriptBuildPhase section */

/* Begin PBXSourcesBuildPhase section */
		5E927805297320F3004020D6 /* Sources */ = {
			isa = PBXSourcesBuildPhase;
			buildActionMask = 2147483647;
			files = (
				5E24F39D2991302F0062EBB5 /* GenreCollectionViewCell.swift in Sources */,
				5E927811297320F3004020D6 /* MainTabBarViewController.swift in Sources */,
				5E92780D297320F3004020D6 /* AppDelegate.swift in Sources */,
				5E4CF6982987FC62006654F8 /* AuthenticationViews.swift in Sources */,
				5EB8F5ED29A6AE1700E30FD9 /* MovieDetailViewModel.swift in Sources */,
				5E4CF6942987E5D9006654F8 /* Constans.swift in Sources */,
				5E45E69329918A360090726B /* MovieModels.swift in Sources */,
				5E0B468929744F0D00412F1D /* SearchViewController.swift in Sources */,
				5E4CF6922987E570006654F8 /* AuthenticationViewModel.swift in Sources */,
				5E4CF6962987E695006654F8 /* AccountModels.swift in Sources */,
				5E0B468729744EFB00412F1D /* FavouriteViewController.swift in Sources */,
				5E04BA2B29A16A300096C322 /* DetailViewController.swift in Sources */,
				5EBA82622992E10F004D0F64 /* CollectionTableViewCell.swift in Sources */,
				5EF0354029A0F1D2001AE0C7 /* SearchCollectionViewCell.swift in Sources */,
				5E92780F297320F3004020D6 /* SceneDelegate.swift in Sources */,
				5EB8F5E929A3FEFC00E30FD9 /* YoutubeModels.swift in Sources */,
				5E2A734329A7CF5E008EB8DB /* NetworkService.swift in Sources */,
				5E0B468529744EDE00412F1D /* HomeViewController.swift in Sources */,
				5E7B6D1C299FA3C8000DDB88 /* MovieViewModel.swift in Sources */,
				5E4CF68E2987E340006654F8 /* Authentication.swift in Sources */,
				5E4CF6902987E497006654F8 /* AuthenticationModels.swift in Sources */,
			);
			runOnlyForDeploymentPostprocessing = 0;
		};
/* End PBXSourcesBuildPhase section */

/* Begin PBXVariantGroup section */
		5E927812297320F3004020D6 /* Main.storyboard */ = {
			isa = PBXVariantGroup;
			children = (
				5E927813297320F3004020D6 /* Base */,
			);
			name = Main.storyboard;
			sourceTree = "<group>";
		};
		5E927817297320F4004020D6 /* LaunchScreen.storyboard */ = {
			isa = PBXVariantGroup;
			children = (
				5E927818297320F4004020D6 /* Base */,
			);
			name = LaunchScreen.storyboard;
			sourceTree = "<group>";
		};
/* End PBXVariantGroup section */

/* Begin XCBuildConfiguration section */
		5E92781B297320F4004020D6 /* Debug */ = {
			isa = XCBuildConfiguration;
			buildSettings = {
				ALWAYS_SEARCH_USER_PATHS = NO;
				CLANG_ANALYZER_NONNULL = YES;
				CLANG_ANALYZER_NUMBER_OBJECT_CONVERSION = YES_AGGRESSIVE;
				CLANG_CXX_LANGUAGE_STANDARD = "gnu++20";
				CLANG_ENABLE_MODULES = YES;
				CLANG_ENABLE_OBJC_ARC = YES;
				CLANG_ENABLE_OBJC_WEAK = YES;
				CLANG_WARN_BLOCK_CAPTURE_AUTORELEASING = YES;
				CLANG_WARN_BOOL_CONVERSION = YES;
				CLANG_WARN_COMMA = YES;
				CLANG_WARN_CONSTANT_CONVERSION = YES;
				CLANG_WARN_DEPRECATED_OBJC_IMPLEMENTATIONS = YES;
				CLANG_WARN_DIRECT_OBJC_ISA_USAGE = YES_ERROR;
				CLANG_WARN_DOCUMENTATION_COMMENTS = YES;
				CLANG_WARN_EMPTY_BODY = YES;
				CLANG_WARN_ENUM_CONVERSION = YES;
				CLANG_WARN_INFINITE_RECURSION = YES;
				CLANG_WARN_INT_CONVERSION = YES;
				CLANG_WARN_NON_LITERAL_NULL_CONVERSION = YES;
				CLANG_WARN_OBJC_IMPLICIT_RETAIN_SELF = YES;
				CLANG_WARN_OBJC_LITERAL_CONVERSION = YES;
				CLANG_WARN_OBJC_ROOT_CLASS = YES_ERROR;
				CLANG_WARN_QUOTED_INCLUDE_IN_FRAMEWORK_HEADER = YES;
				CLANG_WARN_RANGE_LOOP_ANALYSIS = YES;
				CLANG_WARN_STRICT_PROTOTYPES = YES;
				CLANG_WARN_SUSPICIOUS_MOVE = YES;
				CLANG_WARN_UNGUARDED_AVAILABILITY = YES_AGGRESSIVE;
				CLANG_WARN_UNREACHABLE_CODE = YES;
				CLANG_WARN__DUPLICATE_METHOD_MATCH = YES;
				COPY_PHASE_STRIP = NO;
				DEBUG_INFORMATION_FORMAT = dwarf;
				ENABLE_STRICT_OBJC_MSGSEND = YES;
				ENABLE_TESTABILITY = YES;
				GCC_C_LANGUAGE_STANDARD = gnu11;
				GCC_DYNAMIC_NO_PIC = NO;
				GCC_NO_COMMON_BLOCKS = YES;
				GCC_OPTIMIZATION_LEVEL = 0;
				GCC_PREPROCESSOR_DEFINITIONS = (
					"DEBUG=1",
					"$(inherited)",
				);
				GCC_WARN_64_TO_32_BIT_CONVERSION = YES;
				GCC_WARN_ABOUT_RETURN_TYPE = YES_ERROR;
				GCC_WARN_UNDECLARED_SELECTOR = YES;
				GCC_WARN_UNINITIALIZED_AUTOS = YES_AGGRESSIVE;
				GCC_WARN_UNUSED_FUNCTION = YES;
				GCC_WARN_UNUSED_VARIABLE = YES;
				IPHONEOS_DEPLOYMENT_TARGET = 16.1;
				MTL_ENABLE_DEBUG_INFO = INCLUDE_SOURCE;
				MTL_FAST_MATH = YES;
				ONLY_ACTIVE_ARCH = YES;
				SDKROOT = iphoneos;
				SWIFT_ACTIVE_COMPILATION_CONDITIONS = DEBUG;
				SWIFT_OPTIMIZATION_LEVEL = "-Onone";
			};
			name = Debug;
		};
		5E92781C297320F4004020D6 /* Release */ = {
			isa = XCBuildConfiguration;
			buildSettings = {
				ALWAYS_SEARCH_USER_PATHS = NO;
				CLANG_ANALYZER_NONNULL = YES;
				CLANG_ANALYZER_NUMBER_OBJECT_CONVERSION = YES_AGGRESSIVE;
				CLANG_CXX_LANGUAGE_STANDARD = "gnu++20";
				CLANG_ENABLE_MODULES = YES;
				CLANG_ENABLE_OBJC_ARC = YES;
				CLANG_ENABLE_OBJC_WEAK = YES;
				CLANG_WARN_BLOCK_CAPTURE_AUTORELEASING = YES;
				CLANG_WARN_BOOL_CONVERSION = YES;
				CLANG_WARN_COMMA = YES;
				CLANG_WARN_CONSTANT_CONVERSION = YES;
				CLANG_WARN_DEPRECATED_OBJC_IMPLEMENTATIONS = YES;
				CLANG_WARN_DIRECT_OBJC_ISA_USAGE = YES_ERROR;
				CLANG_WARN_DOCUMENTATION_COMMENTS = YES;
				CLANG_WARN_EMPTY_BODY = YES;
				CLANG_WARN_ENUM_CONVERSION = YES;
				CLANG_WARN_INFINITE_RECURSION = YES;
				CLANG_WARN_INT_CONVERSION = YES;
				CLANG_WARN_NON_LITERAL_NULL_CONVERSION = YES;
				CLANG_WARN_OBJC_IMPLICIT_RETAIN_SELF = YES;
				CLANG_WARN_OBJC_LITERAL_CONVERSION = YES;
				CLANG_WARN_OBJC_ROOT_CLASS = YES_ERROR;
				CLANG_WARN_QUOTED_INCLUDE_IN_FRAMEWORK_HEADER = YES;
				CLANG_WARN_RANGE_LOOP_ANALYSIS = YES;
				CLANG_WARN_STRICT_PROTOTYPES = YES;
				CLANG_WARN_SUSPICIOUS_MOVE = YES;
				CLANG_WARN_UNGUARDED_AVAILABILITY = YES_AGGRESSIVE;
				CLANG_WARN_UNREACHABLE_CODE = YES;
				CLANG_WARN__DUPLICATE_METHOD_MATCH = YES;
				COPY_PHASE_STRIP = NO;
				DEBUG_INFORMATION_FORMAT = "dwarf-with-dsym";
				ENABLE_NS_ASSERTIONS = NO;
				ENABLE_STRICT_OBJC_MSGSEND = YES;
				GCC_C_LANGUAGE_STANDARD = gnu11;
				GCC_NO_COMMON_BLOCKS = YES;
				GCC_WARN_64_TO_32_BIT_CONVERSION = YES;
				GCC_WARN_ABOUT_RETURN_TYPE = YES_ERROR;
				GCC_WARN_UNDECLARED_SELECTOR = YES;
				GCC_WARN_UNINITIALIZED_AUTOS = YES_AGGRESSIVE;
				GCC_WARN_UNUSED_FUNCTION = YES;
				GCC_WARN_UNUSED_VARIABLE = YES;
				IPHONEOS_DEPLOYMENT_TARGET = 16.1;
				MTL_ENABLE_DEBUG_INFO = NO;
				MTL_FAST_MATH = YES;
				SDKROOT = iphoneos;
				SWIFT_COMPILATION_MODE = wholemodule;
				SWIFT_OPTIMIZATION_LEVEL = "-O";
				VALIDATE_PRODUCT = YES;
			};
			name = Release;
		};
		5E92781E297320F4004020D6 /* Debug */ = {
			isa = XCBuildConfiguration;
			baseConfigurationReference = C505C49B57FE9C2B211AFF87 /* Pods-CineClips.debug.xcconfig */;
			buildSettings = {
				ASSETCATALOG_COMPILER_APPICON_NAME = AppIcon;
				ASSETCATALOG_COMPILER_GLOBAL_ACCENT_COLOR_NAME = AccentColor;
				CODE_SIGN_STYLE = Automatic;
				CURRENT_PROJECT_VERSION = 1;
				GENERATE_INFOPLIST_FILE = YES;
				INFOPLIST_FILE = CineClips/Info.plist;
				INFOPLIST_KEY_UIApplicationSupportsIndirectInputEvents = YES;
				INFOPLIST_KEY_UILaunchStoryboardName = LaunchScreen;
				INFOPLIST_KEY_UIMainStoryboardFile = Main;
				INFOPLIST_KEY_UIStatusBarStyle = UIStatusBarStyleDarkContent;
				INFOPLIST_KEY_UISupportedInterfaceOrientations = UIInterfaceOrientationPortrait;
				INFOPLIST_KEY_UISupportedInterfaceOrientations_iPad = "UIInterfaceOrientationLandscapeLeft UIInterfaceOrientationLandscapeRight UIInterfaceOrientationPortrait UIInterfaceOrientationPortraitUpsideDown";
				IPHONEOS_DEPLOYMENT_TARGET = 16.1;
				LD_RUNPATH_SEARCH_PATHS = (
					"$(inherited)",
					"@executable_path/Frameworks",
				);
				MARKETING_VERSION = 1.0;
				PRODUCT_BUNDLE_IDENTIFIER = ua.CineClips;
				PRODUCT_NAME = "$(TARGET_NAME)";
				SWIFT_EMIT_LOC_STRINGS = YES;
				SWIFT_VERSION = 5.0;
				TARGETED_DEVICE_FAMILY = "1,2";
			};
			name = Debug;
		};
		5E92781F297320F4004020D6 /* Release */ = {
			isa = XCBuildConfiguration;
			baseConfigurationReference = 0E5EABAD61B2740F6A67C5F5 /* Pods-CineClips.release.xcconfig */;
			buildSettings = {
				ASSETCATALOG_COMPILER_APPICON_NAME = AppIcon;
				ASSETCATALOG_COMPILER_GLOBAL_ACCENT_COLOR_NAME = AccentColor;
				CODE_SIGN_STYLE = Automatic;
				CURRENT_PROJECT_VERSION = 1;
				GENERATE_INFOPLIST_FILE = YES;
				INFOPLIST_FILE = CineClips/Info.plist;
				INFOPLIST_KEY_UIApplicationSupportsIndirectInputEvents = YES;
				INFOPLIST_KEY_UILaunchStoryboardName = LaunchScreen;
				INFOPLIST_KEY_UIMainStoryboardFile = Main;
				INFOPLIST_KEY_UIStatusBarStyle = UIStatusBarStyleDarkContent;
				INFOPLIST_KEY_UISupportedInterfaceOrientations = UIInterfaceOrientationPortrait;
				INFOPLIST_KEY_UISupportedInterfaceOrientations_iPad = "UIInterfaceOrientationLandscapeLeft UIInterfaceOrientationLandscapeRight UIInterfaceOrientationPortrait UIInterfaceOrientationPortraitUpsideDown";
				IPHONEOS_DEPLOYMENT_TARGET = 16.1;
				LD_RUNPATH_SEARCH_PATHS = (
					"$(inherited)",
					"@executable_path/Frameworks",
				);
				MARKETING_VERSION = 1.0;
				PRODUCT_BUNDLE_IDENTIFIER = ua.CineClips;
				PRODUCT_NAME = "$(TARGET_NAME)";
				SWIFT_EMIT_LOC_STRINGS = YES;
				SWIFT_VERSION = 5.0;
				TARGETED_DEVICE_FAMILY = "1,2";
			};
			name = Release;
		};
/* End XCBuildConfiguration section */

/* Begin XCConfigurationList section */
		5E927804297320F3004020D6 /* Build configuration list for PBXProject "CineClips" */ = {
			isa = XCConfigurationList;
			buildConfigurations = (
				5E92781B297320F4004020D6 /* Debug */,
				5E92781C297320F4004020D6 /* Release */,
			);
			defaultConfigurationIsVisible = 0;
			defaultConfigurationName = Release;
		};
		5E92781D297320F4004020D6 /* Build configuration list for PBXNativeTarget "CineClips" */ = {
			isa = XCConfigurationList;
			buildConfigurations = (
				5E92781E297320F4004020D6 /* Debug */,
				5E92781F297320F4004020D6 /* Release */,
			);
			defaultConfigurationIsVisible = 0;
			defaultConfigurationName = Release;
		};
/* End XCConfigurationList section */
	};
	rootObject = 5E927801297320F3004020D6 /* Project object */;
}
